
Microsoft Visual Studio Solution File, Format Version 12.00
# Visual Studio 2013
VisualStudioVersion = 12.0.30110.0
MinimumVisualStudioVersion = 10.0.40219.1
Project("{E24C65DC-7377-472B-9ABA-BC803B73C61A}") = "WebDevApi", "http://localhost:53691", "{418BD72E-5220-41E4-8D0F-C8A12AD84ADD}"
	ProjectSection(WebsiteProperties) = preProject
		UseIISExpress = "true"
		TargetFrameworkMoniker = ".NETFramework,Version%3Dv4.5"
		Debug.AspNetCompiler.VirtualPath = "/localhost_53691"
		Debug.AspNetCompiler.PhysicalPath = "..\..\..\GitHub\WebDevApi\"
		Debug.AspNetCompiler.TargetPath = "PrecompiledWeb\localhost_53691\"
		Debug.AspNetCompiler.Updateable = "true"
		Debug.AspNetCompiler.ForceOverwrite = "true"
		Debug.AspNetCompiler.FixedNames = "false"
		Debug.AspNetCompiler.Debug = "True"
		Release.AspNetCompiler.VirtualPath = "/localhost_53691"
		Release.AspNetCompiler.PhysicalPath = "..\..\..\GitHub\WebDevApi\"
		Release.AspNetCompiler.TargetPath = "PrecompiledWeb\localhost_53691\"
		Release.AspNetCompiler.Updateable = "true"
		Release.AspNetCompiler.ForceOverwrite = "true"
		Release.AspNetCompiler.FixedNames = "false"
		Release.AspNetCompiler.Debug = "False"
		SlnRelativePath = "..\..\..\GitHub\WebDevApi\"
		DefaultWebSiteLanguage = "Visual C#"
	EndProjectSection
EndProject
Project("{FAE04EC0-301F-11D3-BF4B-00C04F79EFBC}") = "WebDevApi.Test", "WebDevApi.Test\WebDevApi.Test.csproj", "{DE35F01A-DF7D-4413-8C57-558A4A8BB6C5}"
EndProject
Global
	GlobalSection(SolutionConfigurationPlatforms) = preSolution
		Debug|Any CPU = Debug|Any CPU
		Release|Any CPU = Release|Any CPU
	EndGlobalSection
	GlobalSection(ProjectConfigurationPlatforms) = postSolution
		{418BD72E-5220-41E4-8D0F-C8A12AD84ADD}.Debug|Any CPU.ActiveCfg = Debug|Any CPU
		{418BD72E-5220-41E4-8D0F-C8A12AD84ADD}.Debug|Any CPU.Build.0 = Debug|Any CPU
		{418BD72E-5220-41E4-8D0F-C8A12AD84ADD}.Release|Any CPU.ActiveCfg = Debug|Any CPU
		{418BD72E-5220-41E4-8D0F-C8A12AD84ADD}.Release|Any CPU.Build.0 = Debug|Any CPU
		{DE35F01A-DF7D-4413-8C57-558A4A8BB6C5}.Debug|Any CPU.ActiveCfg = Debug|Any CPU
		{DE35F01A-DF7D-4413-8C57-558A4A8BB6C5}.Debug|Any CPU.Build.0 = Debug|Any CPU
		{DE35F01A-DF7D-4413-8C57-558A4A8BB6C5}.Release|Any CPU.ActiveCfg = Release|Any CPU
		{DE35F01A-DF7D-4413-8C57-558A4A8BB6C5}.Release|Any CPU.Build.0 = Release|Any CPU
	EndGlobalSection
	GlobalSection(SolutionProperties) = preSolution
		HideSolutionNode = FALSE
	EndGlobalSection
EndGlobal
